# THIS IS AN AUTOGENERATED FILE. DO NOT EDIT THIS FILE DIRECTLY.
# yarn lockfile v1


commander@~1.0.0:
  version "1.0.5"
  resolved "https://registry.yarnpkg.com/commander/-/commander-1.0.5.tgz#457295bb976e388e9dd0db52de4333e249f3d88c"
  integrity sha512-Iil6cZ1vitahfQSTrGO3L4v3dtvnfyGpKkXN+aJV9uR24JYxhM9bUfBLat65nU7cIXzOcnkjGtfdCuqaO1caIQ==
  dependencies:
    keypress "0.1.x"

easy@^19.0.4:
  version "19.0.4"
  resolved "https://registry.yarnpkg.com/easy/-/easy-19.0.4.tgz#a5506d1ebcd33e5bdea3606a4a45fb00c1e655b2"
  integrity sha512-XpeO6xoXmQ0+CUNPhldXlyl80ZzgaDL9C56hBWTB0kpHBvlrbXZHbhMogYcL6LLiQzbgPiC4WfoICiL7msfXIw==

keypress@0.1.x:
  version "0.1.0"
  resolved "https://registry.yarnpkg.com/keypress/-/keypress-0.1.0.tgz#4a3188d4291b66b4f65edb99f806aa9ae293592a"
  integrity sha512-x0yf9PL/nx9Nw9oLL8ZVErFAk85/lslwEP7Vz7s5SI1ODXZIgit3C5qyWjw4DxOuO/3Hb4866SQh28a1V1d+WA==

mime@~1.2.6:
  version "1.2.11"
  resolved "https://registry.yarnpkg.com/mime/-/mime-1.2.11.tgz#58203eed86e3a5ef17aed2b7d9ebd47f0a60dd10"
  integrity sha512-Ysa2F/nqTNGHhhm9MV8ure4+Hc+Y8AWiqUdHxsO7xu8zc92ND9f3kpALHjaP026Ft17UfxrMt95c50PLUeynBw==

simple@^0.2.0:
  version "0.2.0"
  resolved "https://registry.yarnpkg.com/simple/-/simple-0.2.0.tgz#1e74ccf707f243ba74f1cbedc7c49c51899653f1"
  integrity sha512-1fgBmt/AWwJ0pBUyNCYYTSPK9iu0tYGYV4cEbBbrBRlLDNeyIqQoAyxtA/bJH/bhwoty2gR5ABeqfJDrsvT9sQ==
  dependencies:
    commander "~1.0.0"
    mime "~1.2.6"
